
Microsoft Visual Studio Solution File, Format Version 12.00
# Visual Studio Version 17
VisualStudioVersion = 17.9.34714.143
MinimumVisualStudioVersion = 10.0.40219.1
Project("{9A19103F-16F7-4668-BE54-9A1E7A4F7556}") = "WebApi", "WebApi\WebApi.csproj", "{B785AB89-5686-4655-9433-8A5A18C1E18E}"
EndProject
Project("{FAE04EC0-301F-11D3-BF4B-00C04F79EFBC}") = "DotNetExample.Business", "DotNetExample.Business\DotNetExample.Business.csproj", "{3C06F49B-17F8-48BC-8615-EF3BBEB09582}"
EndProject
Project("{FAE04EC0-301F-11D3-BF4B-00C04F79EFBC}") = "DotNetExample_API.CrossCutting", "DotNetExample_API.CrossCutting\DotNetExample_API.CrossCutting.csproj", "{899BD12E-1080-4376-986A-F515A497339B}"
EndProject
Project("{FAE04EC0-301F-11D3-BF4B-00C04F79EFBC}") = "DotNetExample_API.Repository", "DotNetExample_API.Repository\DotNetExample_API.Repository.csproj", "{A1347EF8-9BD3-42F1-9D01-DA9301E7D8FC}"
EndProject
Project("{FAE04EC0-301F-11D3-BF4B-00C04F79EFBC}") = "DotNetExample_API.Domain", "DotNetExample_API.Domain\DotNetExample_API.Domain.csproj", "{F0459BAB-C5FA-4FA8-9C30-D728D23C05F1}"
EndProject
Global
	GlobalSection(SolutionConfigurationPlatforms) = preSolution
		Debug|Any CPU = Debug|Any CPU
		Release|Any CPU = Release|Any CPU
	EndGlobalSection
	GlobalSection(ProjectConfigurationPlatforms) = postSolution
		{B785AB89-5686-4655-9433-8A5A18C1E18E}.Debug|Any CPU.ActiveCfg = Debug|Any CPU
		{B785AB89-5686-4655-9433-8A5A18C1E18E}.Debug|Any CPU.Build.0 = Debug|Any CPU
		{B785AB89-5686-4655-9433-8A5A18C1E18E}.Release|Any CPU.ActiveCfg = Release|Any CPU
		{B785AB89-5686-4655-9433-8A5A18C1E18E}.Release|Any CPU.Build.0 = Release|Any CPU
		{3C06F49B-17F8-48BC-8615-EF3BBEB09582}.Debug|Any CPU.ActiveCfg = Debug|Any CPU
		{3C06F49B-17F8-48BC-8615-EF3BBEB09582}.Debug|Any CPU.Build.0 = Debug|Any CPU
		{3C06F49B-17F8-48BC-8615-EF3BBEB09582}.Release|Any CPU.ActiveCfg = Release|Any CPU
		{3C06F49B-17F8-48BC-8615-EF3BBEB09582}.Release|Any CPU.Build.0 = Release|Any CPU
		{899BD12E-1080-4376-986A-F515A497339B}.Debug|Any CPU.ActiveCfg = Debug|Any CPU
		{899BD12E-1080-4376-986A-F515A497339B}.Debug|Any CPU.Build.0 = Debug|Any CPU
		{899BD12E-1080-4376-986A-F515A497339B}.Release|Any CPU.ActiveCfg = Release|Any CPU
		{899BD12E-1080-4376-986A-F515A497339B}.Release|Any CPU.Build.0 = Release|Any CPU
		{A1347EF8-9BD3-42F1-9D01-DA9301E7D8FC}.Debug|Any CPU.ActiveCfg = Debug|Any CPU
		{A1347EF8-9BD3-42F1-9D01-DA9301E7D8FC}.Debug|Any CPU.Build.0 = Debug|Any CPU
		{A1347EF8-9BD3-42F1-9D01-DA9301E7D8FC}.Release|Any CPU.ActiveCfg = Release|Any CPU
		{A1347EF8-9BD3-42F1-9D01-DA9301E7D8FC}.Release|Any CPU.Build.0 = Release|Any CPU
		{F0459BAB-C5FA-4FA8-9C30-D728D23C05F1}.Debug|Any CPU.ActiveCfg = Debug|Any CPU
		{F0459BAB-C5FA-4FA8-9C30-D728D23C05F1}.Debug|Any CPU.Build.0 = Debug|Any CPU
		{F0459BAB-C5FA-4FA8-9C30-D728D23C05F1}.Release|Any CPU.ActiveCfg = Release|Any CPU
		{F0459BAB-C5FA-4FA8-9C30-D728D23C05F1}.Release|Any CPU.Build.0 = Release|Any CPU
	EndGlobalSection
	GlobalSection(SolutionProperties) = preSolution
		HideSolutionNode = FALSE
	EndGlobalSection
	GlobalSection(ExtensibilityGlobals) = postSolution
		SolutionGuid = {FDF8FAFC-5689-42FA-9959-F32C48ED64A5}
	EndGlobalSection
EndGlobal
